
Microsoft Visual Studio Solution File, Format Version 12.00
# Visual Studio Version 16
VisualStudioVersion = 16.0.31515.178
MinimumVisualStudioVersion = 10.0.40219.1
Project("{FAE04EC0-301F-11D3-BF4B-00C04F79EFBC}") = "ObserverExample", "ObserverExample\ObserverExample.csproj", "{67B83C45-83BE-48CD-B511-34C48B906038}"
EndProject
Project("{FAE04EC0-301F-11D3-BF4B-00C04F79EFBC}") = "ReactiveExample", "ReactiveExample\ReactiveExample.csproj", "{B796CC7B-6F38-4BDD-B1FB-7F7E50D21E5F}"
EndProject
Project("{FAE04EC0-301F-11D3-BF4B-00C04F79EFBC}") = "ObserverCollection", "ObserverCollection\ObserverCollection.csproj", "{5C46CCE9-8C0D-4144-AB5E-A12CC7D54F22}"
EndProject
Project("{FAE04EC0-301F-11D3-BF4B-00C04F79EFBC}") = "PubSub", "PubSub\PubSub.csproj", "{21D7DE06-AE87-4CEA-9F00-960D67F1F542}"
EndProject
Project("{FAE04EC0-301F-11D3-BF4B-00C04F79EFBC}") = "ZeroMQ", "ZeroMQ\ZeroMQ.csproj", "{D5B562F1-EE1B-446B-BEB8-8B7AC82547F3}"
EndProject
Global
	GlobalSection(SolutionConfigurationPlatforms) = preSolution
		Debug|Any CPU = Debug|Any CPU
		Release|Any CPU = Release|Any CPU
	EndGlobalSection
	GlobalSection(ProjectConfigurationPlatforms) = postSolution
		{67B83C45-83BE-48CD-B511-34C48B906038}.Debug|Any CPU.ActiveCfg = Debug|Any CPU
		{67B83C45-83BE-48CD-B511-34C48B906038}.Debug|Any CPU.Build.0 = Debug|Any CPU
		{67B83C45-83BE-48CD-B511-34C48B906038}.Release|Any CPU.ActiveCfg = Release|Any CPU
		{67B83C45-83BE-48CD-B511-34C48B906038}.Release|Any CPU.Build.0 = Release|Any CPU
		{B796CC7B-6F38-4BDD-B1FB-7F7E50D21E5F}.Debug|Any CPU.ActiveCfg = Debug|Any CPU
		{B796CC7B-6F38-4BDD-B1FB-7F7E50D21E5F}.Debug|Any CPU.Build.0 = Debug|Any CPU
		{B796CC7B-6F38-4BDD-B1FB-7F7E50D21E5F}.Release|Any CPU.ActiveCfg = Release|Any CPU
		{B796CC7B-6F38-4BDD-B1FB-7F7E50D21E5F}.Release|Any CPU.Build.0 = Release|Any CPU
		{5C46CCE9-8C0D-4144-AB5E-A12CC7D54F22}.Debug|Any CPU.ActiveCfg = Debug|Any CPU
		{5C46CCE9-8C0D-4144-AB5E-A12CC7D54F22}.Debug|Any CPU.Build.0 = Debug|Any CPU
		{5C46CCE9-8C0D-4144-AB5E-A12CC7D54F22}.Release|Any CPU.ActiveCfg = Release|Any CPU
		{5C46CCE9-8C0D-4144-AB5E-A12CC7D54F22}.Release|Any CPU.Build.0 = Release|Any CPU
		{21D7DE06-AE87-4CEA-9F00-960D67F1F542}.Debug|Any CPU.ActiveCfg = Debug|Any CPU
		{21D7DE06-AE87-4CEA-9F00-960D67F1F542}.Debug|Any CPU.Build.0 = Debug|Any CPU
		{21D7DE06-AE87-4CEA-9F00-960D67F1F542}.Release|Any CPU.ActiveCfg = Release|Any CPU
		{21D7DE06-AE87-4CEA-9F00-960D67F1F542}.Release|Any CPU.Build.0 = Release|Any CPU
		{D5B562F1-EE1B-446B-BEB8-8B7AC82547F3}.Debug|Any CPU.ActiveCfg = Debug|Any CPU
		{D5B562F1-EE1B-446B-BEB8-8B7AC82547F3}.Debug|Any CPU.Build.0 = Debug|Any CPU
		{D5B562F1-EE1B-446B-BEB8-8B7AC82547F3}.Release|Any CPU.ActiveCfg = Release|Any CPU
		{D5B562F1-EE1B-446B-BEB8-8B7AC82547F3}.Release|Any CPU.Build.0 = Release|Any CPU
	EndGlobalSection
	GlobalSection(SolutionProperties) = preSolution
		HideSolutionNode = FALSE
	EndGlobalSection
	GlobalSection(ExtensibilityGlobals) = postSolution
		SolutionGuid = {73AF588F-9256-48D0-90A5-254C060B72F6}
	EndGlobalSection
EndGlobal
