
Microsoft Visual Studio Solution File, Format Version 12.00
# Visual Studio Version 16
VisualStudioVersion = 16.0.31515.178
MinimumVisualStudioVersion = 10.0.40219.1
Project("{FAE04EC0-301F-11D3-BF4B-00C04F79EFBC}") = "ObserverExample", "ObserverExample\ObserverExample.csproj", "{67B83C45-83BE-48CD-B511-34C48B906038}"
EndProject
Global
	GlobalSection(SolutionConfigurationPlatforms) = preSolution
		Debug|Any CPU = Debug|Any CPU
		Release|Any CPU = Release|Any CPU
	EndGlobalSection
	GlobalSection(ProjectConfigurationPlatforms) = postSolution
		{67B83C45-83BE-48CD-B511-34C48B906038}.Debug|Any CPU.ActiveCfg = Debug|Any CPU
		{67B83C45-83BE-48CD-B511-34C48B906038}.Debug|Any CPU.Build.0 = Debug|Any CPU
		{67B83C45-83BE-48CD-B511-34C48B906038}.Release|Any CPU.ActiveCfg = Release|Any CPU
		{67B83C45-83BE-48CD-B511-34C48B906038}.Release|Any CPU.Build.0 = Release|Any CPU
	EndGlobalSection
	GlobalSection(SolutionProperties) = preSolution
		HideSolutionNode = FALSE
	EndGlobalSection
	GlobalSection(ExtensibilityGlobals) = postSolution
		SolutionGuid = {73AF588F-9256-48D0-90A5-254C060B72F6}
	EndGlobalSection
EndGlobal
